
Microsoft Visual Studio Solution File, Format Version 12.00
# Visual Studio Version 17
VisualStudioVersion = 17.2.32602.215
MinimumVisualStudioVersion = 10.0.40219.1
Project("{9A19103F-16F7-4668-BE54-9A1E7A4F7556}") = "RateMeBotVk", "RateMeBotVk\RateMeBotVk.csproj", "{8371EFC2-27E3-46AA-A51A-9DF92A0037A9}"
EndProject
Global
	GlobalSection(SolutionConfigurationPlatforms) = preSolution
		Debug|Any CPU = Debug|Any CPU
		Release|Any CPU = Release|Any CPU
	EndGlobalSection
	GlobalSection(ProjectConfigurationPlatforms) = postSolution
		{8371EFC2-27E3-46AA-A51A-9DF92A0037A9}.Debug|Any CPU.ActiveCfg = Debug|Any CPU
		{8371EFC2-27E3-46AA-A51A-9DF92A0037A9}.Debug|Any CPU.Build.0 = Debug|Any CPU
		{8371EFC2-27E3-46AA-A51A-9DF92A0037A9}.Release|Any CPU.ActiveCfg = Release|Any CPU
		{8371EFC2-27E3-46AA-A51A-9DF92A0037A9}.Release|Any CPU.Build.0 = Release|Any CPU
	EndGlobalSection
	GlobalSection(SolutionProperties) = preSolution
		HideSolutionNode = FALSE
	EndGlobalSection
	GlobalSection(ExtensibilityGlobals) = postSolution
		SolutionGuid = {9A42CDAE-3F52-4E29-BAF8-2C0ABDE92025}
	EndGlobalSection
EndGlobal
